// !$*UTF8*$!
{
	archiveVersion = 1;
	classes = {
	};
	objectVersion = 56;
	objects = {

/* Begin PBXBuildFile section */
		0F2ACAC32B0469FD00F70839 /* AppDelegate.swift in Sources */ = {isa = PBXBuildFile; fileRef = 0F2ACAC22B0469FD00F70839 /* AppDelegate.swift */; };
		0F2ACAC52B0469FD00F70839 /* SceneDelegate.swift in Sources */ = {isa = PBXBuildFile; fileRef = 0F2ACAC42B0469FD00F70839 /* SceneDelegate.swift */; };
		0F2ACAC72B0469FD00F70839 /* ViewController.swift in Sources */ = {isa = PBXBuildFile; fileRef = 0F2ACAC62B0469FD00F70839 /* ViewController.swift */; };
		0F2ACACA2B0469FD00F70839 /* Main.storyboard in Resources */ = {isa = PBXBuildFile; fileRef = 0F2ACAC82B0469FD00F70839 /* Main.storyboard */; };
		0F2ACACC2B0469FE00F70839 /* Assets.xcassets in Resources */ = {isa = PBXBuildFile; fileRef = 0F2ACACB2B0469FE00F70839 /* Assets.xcassets */; };
		0F2ACACF2B0469FE00F70839 /* LaunchScreen.storyboard in Resources */ = {isa = PBXBuildFile; fileRef = 0F2ACACD2B0469FE00F70839 /* LaunchScreen.storyboard */; };
		0F2ACADF2B048E4700F70839 /* Intents.framework in Frameworks */ = {isa = PBXBuildFile; fileRef = 0F2ACADE2B048E4700F70839 /* Intents.framework */; };
		0F2ACAE22B048E4700F70839 /* IntentHandler.swift in Sources */ = {isa = PBXBuildFile; fileRef = 0F2ACAE12B048E4700F70839 /* IntentHandler.swift */; };
		0F2ACAEA2B048E4700F70839 /* IntentsUI.framework in Frameworks */ = {isa = PBXBuildFile; fileRef = 0F2ACAE92B048E4700F70839 /* IntentsUI.framework */; };
		0F2ACAED2B048E4800F70839 /* IntentViewController.swift in Sources */ = {isa = PBXBuildFile; fileRef = 0F2ACAEC2B048E4800F70839 /* IntentViewController.swift */; };
		0F2ACAF02B048E4800F70839 /* MainInterface.storyboard in Resources */ = {isa = PBXBuildFile; fileRef = 0F2ACAEE2B048E4800F70839 /* MainInterface.storyboard */; };
		0F2ACAF42B048E4800F70839 /* SiriInetentUI.appex in Embed Foundation Extensions */ = {isa = PBXBuildFile; fileRef = 0F2ACAE82B048E4700F70839 /* SiriInetentUI.appex */; settings = {ATTRIBUTES = (RemoveHeadersOnCopy, ); }; };
		0F2ACAF72B048E4800F70839 /* SiriInetent.appex in Embed Foundation Extensions */ = {isa = PBXBuildFile; fileRef = 0F2ACADC2B048E4700F70839 /* SiriInetent.appex */; settings = {ATTRIBUTES = (RemoveHeadersOnCopy, ); }; };
		0F2ACB002B048F3E00F70839 /* SiriIntents.intentdefinition in Sources */ = {isa = PBXBuildFile; fileRef = 0F2ACAFF2B048F3E00F70839 /* SiriIntents.intentdefinition */; };
/* End PBXBuildFile section */

/* Begin PBXContainerItemProxy section */
		0F2ACAF22B048E4800F70839 /* PBXContainerItemProxy */ = {
			isa = PBXContainerItemProxy;
			containerPortal = 0F2ACAB72B0469FD00F70839 /* Project object */;
			proxyType = 1;
			remoteGlobalIDString = 0F2ACAE72B048E4700F70839;
			remoteInfo = SiriInetentUI;
		};
		0F2ACAF52B048E4800F70839 /* PBXContainerItemProxy */ = {
			isa = PBXContainerItemProxy;
			containerPortal = 0F2ACAB72B0469FD00F70839 /* Project object */;
			proxyType = 1;
			remoteGlobalIDString = 0F2ACADB2B048E4700F70839;
			remoteInfo = SiriInetent;
		};
		0FF86AC12B0717800019DE62 /* PBXContainerItemProxy */ = {
			isa = PBXContainerItemProxy;
			containerPortal = 0FF86ABD2B0717800019DE62 /* BcakgroundAudio.xcodeproj */;
			proxyType = 2;
			remoteGlobalIDString = 0FF86AA62B07177E0019DE62;
			remoteInfo = BcakgroundAudio;
		};
/* End PBXContainerItemProxy section */

/* Begin PBXCopyFilesBuildPhase section */
		0F2ACAFE2B048E4800F70839 /* Embed Foundation Extensions */ = {
			isa = PBXCopyFilesBuildPhase;
			buildActionMask = 2147483647;
			dstPath = "";
			dstSubfolderSpec = 13;
			files = (
				0F2ACAF42B048E4800F70839 /* SiriInetentUI.appex in Embed Foundation Extensions */,
				0F2ACAF72B048E4800F70839 /* SiriInetent.appex in Embed Foundation Extensions */,
			);
			name = "Embed Foundation Extensions";
			runOnlyForDeploymentPostprocessing = 0;
		};
/* End PBXCopyFilesBuildPhase section */

/* Begin PBXFileReference section */
		0F2ACABF2B0469FD00F70839 /* SiriCapability.app */ = {isa = PBXFileReference; explicitFileType = wrapper.application; includeInIndex = 0; path = SiriCapability.app; sourceTree = BUILT_PRODUCTS_DIR; };
		0F2ACAC22B0469FD00F70839 /* AppDelegate.swift */ = {isa = PBXFileReference; lastKnownFileType = sourcecode.swift; path = AppDelegate.swift; sourceTree = "<group>"; };
		0F2ACAC42B0469FD00F70839 /* SceneDelegate.swift */ = {isa = PBXFileReference; lastKnownFileType = sourcecode.swift; path = SceneDelegate.swift; sourceTree = "<group>"; };
		0F2ACAC62B0469FD00F70839 /* ViewController.swift */ = {isa = PBXFileReference; lastKnownFileType = sourcecode.swift; path = ViewController.swift; sourceTree = "<group>"; };
		0F2ACAC92B0469FD00F70839 /* Base */ = {isa = PBXFileReference; lastKnownFileType = file.storyboard; name = Base; path = Base.lproj/Main.storyboard; sourceTree = "<group>"; };
		0F2ACACB2B0469FE00F70839 /* Assets.xcassets */ = {isa = PBXFileReference; lastKnownFileType = folder.assetcatalog; path = Assets.xcassets; sourceTree = "<group>"; };
		0F2ACACE2B0469FE00F70839 /* Base */ = {isa = PBXFileReference; lastKnownFileType = file.storyboard; name = Base; path = Base.lproj/LaunchScreen.storyboard; sourceTree = "<group>"; };
		0F2ACAD02B0469FE00F70839 /* Info.plist */ = {isa = PBXFileReference; lastKnownFileType = text.plist.xml; path = Info.plist; sourceTree = "<group>"; };
		0F2ACADC2B048E4700F70839 /* SiriInetent.appex */ = {isa = PBXFileReference; explicitFileType = "wrapper.app-extension"; includeInIndex = 0; path = SiriInetent.appex; sourceTree = BUILT_PRODUCTS_DIR; };
		0F2ACADE2B048E4700F70839 /* Intents.framework */ = {isa = PBXFileReference; lastKnownFileType = wrapper.framework; name = Intents.framework; path = System/Library/Frameworks/Intents.framework; sourceTree = SDKROOT; };
		0F2ACAE12B048E4700F70839 /* IntentHandler.swift */ = {isa = PBXFileReference; lastKnownFileType = sourcecode.swift; path = IntentHandler.swift; sourceTree = "<group>"; };
		0F2ACAE32B048E4700F70839 /* Info.plist */ = {isa = PBXFileReference; lastKnownFileType = text.plist.xml; path = Info.plist; sourceTree = "<group>"; };
		0F2ACAE82B048E4700F70839 /* SiriInetentUI.appex */ = {isa = PBXFileReference; explicitFileType = "wrapper.app-extension"; includeInIndex = 0; path = SiriInetentUI.appex; sourceTree = BUILT_PRODUCTS_DIR; };
		0F2ACAE92B048E4700F70839 /* IntentsUI.framework */ = {isa = PBXFileReference; lastKnownFileType = wrapper.framework; name = IntentsUI.framework; path = System/Library/Frameworks/IntentsUI.framework; sourceTree = SDKROOT; };
		0F2ACAEC2B048E4800F70839 /* IntentViewController.swift */ = {isa = PBXFileReference; lastKnownFileType = sourcecode.swift; path = IntentViewController.swift; sourceTree = "<group>"; };
		0F2ACAEF2B048E4800F70839 /* Base */ = {isa = PBXFileReference; lastKnownFileType = file.storyboard; name = Base; path = Base.lproj/MainInterface.storyboard; sourceTree = "<group>"; };
		0F2ACAF12B048E4800F70839 /* Info.plist */ = {isa = PBXFileReference; lastKnownFileType = text.plist.xml; path = Info.plist; sourceTree = "<group>"; };
		0F2ACAFF2B048F3E00F70839 /* SiriIntents.intentdefinition */ = {isa = PBXFileReference; lastKnownFileType = file.intentdefinition; path = SiriIntents.intentdefinition; sourceTree = "<group>"; };
		0FF86ABD2B0717800019DE62 /* BcakgroundAudio.xcodeproj */ = {isa = PBXFileReference; lastKnownFileType = "wrapper.pb-project"; name = BcakgroundAudio.xcodeproj; path = ../BcakgroundAudio/BcakgroundAudio.xcodeproj; sourceTree = "<group>"; };
/* End PBXFileReference section */

/* Begin PBXFrameworksBuildPhase section */
		0F2ACABC2B0469FD00F70839 /* Frameworks */ = {
			isa = PBXFrameworksBuildPhase;
			buildActionMask = 2147483647;
			files = (
			);
			runOnlyForDeploymentPostprocessing = 0;
		};
		0F2ACAD92B048E4700F70839 /* Frameworks */ = {
			isa = PBXFrameworksBuildPhase;
			buildActionMask = 2147483647;
			files = (
				0F2ACADF2B048E4700F70839 /* Intents.framework in Frameworks */,
			);
			runOnlyForDeploymentPostprocessing = 0;
		};
		0F2ACAE52B048E4700F70839 /* Frameworks */ = {
			isa = PBXFrameworksBuildPhase;
			buildActionMask = 2147483647;
			files = (
				0F2ACAEA2B048E4700F70839 /* IntentsUI.framework in Frameworks */,
			);
			runOnlyForDeploymentPostprocessing = 0;
		};
/* End PBXFrameworksBuildPhase section */

/* Begin PBXGroup section */
		0F2ACAB62B0469FD00F70839 = {
			isa = PBXGroup;
			children = (
				0FF86ABD2B0717800019DE62 /* BcakgroundAudio.xcodeproj */,
				0F2ACAC12B0469FD00F70839 /* SiriCapability */,
				0F2ACAE02B048E4700F70839 /* SiriInetent */,
				0F2ACAEB2B048E4800F70839 /* SiriInetentUI */,
				0F2ACADD2B048E4700F70839 /* Frameworks */,
				0F2ACAC02B0469FD00F70839 /* Products */,
			);
			sourceTree = "<group>";
		};
		0F2ACAC02B0469FD00F70839 /* Products */ = {
			isa = PBXGroup;
			children = (
				0F2ACABF2B0469FD00F70839 /* SiriCapability.app */,
				0F2ACADC2B048E4700F70839 /* SiriInetent.appex */,
				0F2ACAE82B048E4700F70839 /* SiriInetentUI.appex */,
			);
			name = Products;
			sourceTree = "<group>";
		};
		0F2ACAC12B0469FD00F70839 /* SiriCapability */ = {
			isa = PBXGroup;
			children = (
				0F2ACAC22B0469FD00F70839 /* AppDelegate.swift */,
				0F2ACAC42B0469FD00F70839 /* SceneDelegate.swift */,
				0F2ACAC62B0469FD00F70839 /* ViewController.swift */,
				0F2ACAC82B0469FD00F70839 /* Main.storyboard */,
				0F2ACACB2B0469FE00F70839 /* Assets.xcassets */,
				0F2ACACD2B0469FE00F70839 /* LaunchScreen.storyboard */,
				0F2ACAD02B0469FE00F70839 /* Info.plist */,
				0F2ACAFF2B048F3E00F70839 /* SiriIntents.intentdefinition */,
			);
			path = SiriCapability;
			sourceTree = "<group>";
		};
		0F2ACADD2B048E4700F70839 /* Frameworks */ = {
			isa = PBXGroup;
			children = (
				0F2ACADE2B048E4700F70839 /* Intents.framework */,
				0F2ACAE92B048E4700F70839 /* IntentsUI.framework */,
			);
			name = Frameworks;
			sourceTree = "<group>";
		};
		0F2ACAE02B048E4700F70839 /* SiriInetent */ = {
			isa = PBXGroup;
			children = (
				0F2ACAE12B048E4700F70839 /* IntentHandler.swift */,
				0F2ACAE32B048E4700F70839 /* Info.plist */,
			);
			path = SiriInetent;
			sourceTree = "<group>";
		};
		0F2ACAEB2B048E4800F70839 /* SiriInetentUI */ = {
			isa = PBXGroup;
			children = (
				0F2ACAEC2B048E4800F70839 /* IntentViewController.swift */,
				0F2ACAEE2B048E4800F70839 /* MainInterface.storyboard */,
				0F2ACAF12B048E4800F70839 /* Info.plist */,
			);
			path = SiriInetentUI;
			sourceTree = "<group>";
		};
		0FF86ABE2B0717800019DE62 /* Products */ = {
			isa = PBXGroup;
			children = (
				0FF86AC22B0717800019DE62 /* BcakgroundAudio.app */,
			);
			name = Products;
			sourceTree = "<group>";
		};
/* End PBXGroup section */

/* Begin PBXNativeTarget section */
		0F2ACABE2B0469FD00F70839 /* SiriCapability */ = {
			isa = PBXNativeTarget;
			buildConfigurationList = 0F2ACAD32B0469FE00F70839 /* Build configuration list for PBXNativeTarget "SiriCapability" */;
			buildPhases = (
				0F2ACABB2B0469FD00F70839 /* Sources */,
				0F2ACABC2B0469FD00F70839 /* Frameworks */,
				0F2ACABD2B0469FD00F70839 /* Resources */,
				0F2ACAFE2B048E4800F70839 /* Embed Foundation Extensions */,
			);
			buildRules = (
			);
			dependencies = (
				0F2ACAF32B048E4800F70839 /* PBXTargetDependency */,
				0F2ACAF62B048E4800F70839 /* PBXTargetDependency */,
			);
			name = SiriCapability;
			productName = SiriCapability;
			productReference = 0F2ACABF2B0469FD00F70839 /* SiriCapability.app */;
			productType = "com.apple.product-type.application";
		};
		0F2ACADB2B048E4700F70839 /* SiriInetent */ = {
			isa = PBXNativeTarget;
			buildConfigurationList = 0F2ACAFB2B048E4800F70839 /* Build configuration list for PBXNativeTarget "SiriInetent" */;
			buildPhases = (
				0F2ACAD82B048E4700F70839 /* Sources */,
				0F2ACAD92B048E4700F70839 /* Frameworks */,
				0F2ACADA2B048E4700F70839 /* Resources */,
			);
			buildRules = (
			);
			dependencies = (
			);
			name = SiriInetent;
			productName = SiriInetent;
			productReference = 0F2ACADC2B048E4700F70839 /* SiriInetent.appex */;
			productType = "com.apple.product-type.app-extension";
		};
		0F2ACAE72B048E4700F70839 /* SiriInetentUI */ = {
			isa = PBXNativeTarget;
			buildConfigurationList = 0F2ACAF82B048E4800F70839 /* Build configuration list for PBXNativeTarget "SiriInetentUI" */;
			buildPhases = (
				0F2ACAE42B048E4700F70839 /* Sources */,
				0F2ACAE52B048E4700F70839 /* Frameworks */,
				0F2ACAE62B048E4700F70839 /* Resources */,
			);
			buildRules = (
			);
			dependencies = (
			);
			name = SiriInetentUI;
			productName = SiriInetentUI;
			productReference = 0F2ACAE82B048E4700F70839 /* SiriInetentUI.appex */;
			productType = "com.apple.product-type.app-extension";
		};
/* End PBXNativeTarget section */

/* Begin PBXProject section */
		0F2ACAB72B0469FD00F70839 /* Project object */ = {
			isa = PBXProject;
			attributes = {
				BuildIndependentTargetsInParallel = 1;
				LastSwiftUpdateCheck = 1500;
				LastUpgradeCheck = 1500;
				TargetAttributes = {
					0F2ACABE2B0469FD00F70839 = {
						CreatedOnToolsVersion = 15.0;
					};
					0F2ACADB2B048E4700F70839 = {
						CreatedOnToolsVersion = 15.0;
					};
					0F2ACAE72B048E4700F70839 = {
						CreatedOnToolsVersion = 15.0;
					};
				};
			};
			buildConfigurationList = 0F2ACABA2B0469FD00F70839 /* Build configuration list for PBXProject "SiriCapability" */;
			compatibilityVersion = "Xcode 14.0";
			developmentRegion = en;
			hasScannedForEncodings = 0;
			knownRegions = (
				en,
				Base,
			);
			mainGroup = 0F2ACAB62B0469FD00F70839;
			productRefGroup = 0F2ACAC02B0469FD00F70839 /* Products */;
			projectDirPath = "";
			projectReferences = (
				{
					ProductGroup = 0FF86ABE2B0717800019DE62 /* Products */;
					ProjectRef = 0FF86ABD2B0717800019DE62 /* BcakgroundAudio.xcodeproj */;
				},
			);
			projectRoot = "";
			targets = (
				0F2ACABE2B0469FD00F70839 /* SiriCapability */,
				0F2ACADB2B048E4700F70839 /* SiriInetent */,
				0F2ACAE72B048E4700F70839 /* SiriInetentUI */,
			);
		};
/* End PBXProject section */

/* Begin PBXReferenceProxy section */
		0FF86AC22B0717800019DE62 /* BcakgroundAudio.app */ = {
			isa = PBXReferenceProxy;
			fileType = wrapper.application;
			path = BcakgroundAudio.app;
			remoteRef = 0FF86AC12B0717800019DE62 /* PBXContainerItemProxy */;
			sourceTree = BUILT_PRODUCTS_DIR;
		};
/* End PBXReferenceProxy section */

/* Begin PBXResourcesBuildPhase section */
		0F2ACABD2B0469FD00F70839 /* Resources */ = {
			isa = PBXResourcesBuildPhase;
			buildActionMask = 2147483647;
			files = (
				0F2ACACF2B0469FE00F70839 /* LaunchScreen.storyboard in Resources */,
				0F2ACACC2B0469FE00F70839 /* Assets.xcassets in Resources */,
				0F2ACACA2B0469FD00F70839 /* Main.storyboard in Resources */,
			);
			runOnlyForDeploymentPostprocessing = 0;
		};
		0F2ACADA2B048E4700F70839 /* Resources */ = {
			isa = PBXResourcesBuildPhase;
			buildActionMask = 2147483647;
			files = (
			);
			runOnlyForDeploymentPostprocessing = 0;
		};
		0F2ACAE62B048E4700F70839 /* Resources */ = {
			isa = PBXResourcesBuildPhase;
			buildActionMask = 2147483647;
			files = (
				0F2ACAF02B048E4800F70839 /* MainInterface.storyboard in Resources */,
			);
			runOnlyForDeploymentPostprocessing = 0;
		};
/* End PBXResourcesBuildPhase section */

/* Begin PBXSourcesBuildPhase section */
		0F2ACABB2B0469FD00F70839 /* Sources */ = {
			isa = PBXSourcesBuildPhase;
			buildActionMask = 2147483647;
			files = (
				0F2ACAC72B0469FD00F70839 /* ViewController.swift in Sources */,
				0F2ACB002B048F3E00F70839 /* SiriIntents.intentdefinition in Sources */,
				0F2ACAC32B0469FD00F70839 /* AppDelegate.swift in Sources */,
				0F2ACAC52B0469FD00F70839 /* SceneDelegate.swift in Sources */,
			);
			runOnlyForDeploymentPostprocessing = 0;
		};
		0F2ACAD82B048E4700F70839 /* Sources */ = {
			isa = PBXSourcesBuildPhase;
			buildActionMask = 2147483647;
			files = (
				0F2ACAE22B048E4700F70839 /* IntentHandler.swift in Sources */,
			);
			runOnlyForDeploymentPostprocessing = 0;
		};
		0F2ACAE42B048E4700F70839 /* Sources */ = {
			isa = PBXSourcesBuildPhase;
			buildActionMask = 2147483647;
			files = (
				0F2ACAED2B048E4800F70839 /* IntentViewController.swift in Sources */,
			);
			runOnlyForDeploymentPostprocessing = 0;
		};
/* End PBXSourcesBuildPhase section */

/* Begin PBXTargetDependency section */
		0F2ACAF32B048E4800F70839 /* PBXTargetDependency */ = {
			isa = PBXTargetDependency;
			target = 0F2ACAE72B048E4700F70839 /* SiriInetentUI */;
			targetProxy = 0F2ACAF22B048E4800F70839 /* PBXContainerItemProxy */;
		};
		0F2ACAF62B048E4800F70839 /* PBXTargetDependency */ = {
			isa = PBXTargetDependency;
			target = 0F2ACADB2B048E4700F70839 /* SiriInetent */;
			targetProxy = 0F2ACAF52B048E4800F70839 /* PBXContainerItemProxy */;
		};
/* End PBXTargetDependency section */

/* Begin PBXVariantGroup section */
		0F2ACAC82B0469FD00F70839 /* Main.storyboard */ = {
			isa = PBXVariantGroup;
			children = (
				0F2ACAC92B0469FD00F70839 /* Base */,
			);
			name = Main.storyboard;
			sourceTree = "<group>";
		};
		0F2ACACD2B0469FE00F70839 /* LaunchScreen.storyboard */ = {
			isa = PBXVariantGroup;
			children = (
				0F2ACACE2B0469FE00F70839 /* Base */,
			);
			name = LaunchScreen.storyboard;
			sourceTree = "<group>";
		};
		0F2ACAEE2B048E4800F70839 /* MainInterface.storyboard */ = {
			isa = PBXVariantGroup;
			children = (
				0F2ACAEF2B048E4800F70839 /* Base */,
			);
			name = MainInterface.storyboard;
			sourceTree = "<group>";
		};
/* End PBXVariantGroup section */

/* Begin XCBuildConfiguration section */
		0F2ACAD12B0469FE00F70839 /* Debug */ = {
			isa = XCBuildConfiguration;
			buildSettings = {
				ALWAYS_SEARCH_USER_PATHS = NO;
				ASSETCATALOG_COMPILER_GENERATE_SWIFT_ASSET_SYMBOL_EXTENSIONS = YES;
				CLANG_ANALYZER_NONNULL = YES;
				CLANG_ANALYZER_NUMBER_OBJECT_CONVERSION = YES_AGGRESSIVE;
				CLANG_CXX_LANGUAGE_STANDARD = "gnu++20";
				CLANG_ENABLE_MODULES = YES;
				CLANG_ENABLE_OBJC_ARC = YES;
				CLANG_ENABLE_OBJC_WEAK = YES;
				CLANG_WARN_BLOCK_CAPTURE_AUTORELEASING = YES;
				CLANG_WARN_BOOL_CONVERSION = YES;
				CLANG_WARN_COMMA = YES;
				CLANG_WARN_CONSTANT_CONVERSION = YES;
				CLANG_WARN_DEPRECATED_OBJC_IMPLEMENTATIONS = YES;
				CLANG_WARN_DIRECT_OBJC_ISA_USAGE = YES_ERROR;
				CLANG_WARN_DOCUMENTATION_COMMENTS = YES;
				CLANG_WARN_EMPTY_BODY = YES;
				CLANG_WARN_ENUM_CONVERSION = YES;
				CLANG_WARN_INFINITE_RECURSION = YES;
				CLANG_WARN_INT_CONVERSION = YES;
				CLANG_WARN_NON_LITERAL_NULL_CONVERSION = YES;
				CLANG_WARN_OBJC_IMPLICIT_RETAIN_SELF = YES;
				CLANG_WARN_OBJC_LITERAL_CONVERSION = YES;
				CLANG_WARN_OBJC_ROOT_CLASS = YES_ERROR;
				CLANG_WARN_QUOTED_INCLUDE_IN_FRAMEWORK_HEADER = YES;
				CLANG_WARN_RANGE_LOOP_ANALYSIS = YES;
				CLANG_WARN_STRICT_PROTOTYPES = YES;
				CLANG_WARN_SUSPICIOUS_MOVE = YES;
				CLANG_WARN_UNGUARDED_AVAILABILITY = YES_AGGRESSIVE;
				CLANG_WARN_UNREACHABLE_CODE = YES;
				CLANG_WARN__DUPLICATE_METHOD_MATCH = YES;
				COPY_PHASE_STRIP = NO;
				DEBUG_INFORMATION_FORMAT = dwarf;
				ENABLE_STRICT_OBJC_MSGSEND = YES;
				ENABLE_TESTABILITY = YES;
				ENABLE_USER_SCRIPT_SANDBOXING = YES;
				GCC_C_LANGUAGE_STANDARD = gnu17;
				GCC_DYNAMIC_NO_PIC = NO;
				GCC_NO_COMMON_BLOCKS = YES;
				GCC_OPTIMIZATION_LEVEL = 0;
				GCC_PREPROCESSOR_DEFINITIONS = (
					"DEBUG=1",
					"$(inherited)",
				);
				GCC_WARN_64_TO_32_BIT_CONVERSION = YES;
				GCC_WARN_ABOUT_RETURN_TYPE = YES_ERROR;
				GCC_WARN_UNDECLARED_SELECTOR = YES;
				GCC_WARN_UNINITIALIZED_AUTOS = YES_AGGRESSIVE;
				GCC_WARN_UNUSED_FUNCTION = YES;
				GCC_WARN_UNUSED_VARIABLE = YES;
				IPHONEOS_DEPLOYMENT_TARGET = 17.0;
				LOCALIZATION_PREFERS_STRING_CATALOGS = YES;
				MTL_ENABLE_DEBUG_INFO = INCLUDE_SOURCE;
				MTL_FAST_MATH = YES;
				ONLY_ACTIVE_ARCH = YES;
				SDKROOT = iphoneos;
				SWIFT_ACTIVE_COMPILATION_CONDITIONS = "DEBUG $(inherited)";
				SWIFT_OPTIMIZATION_LEVEL = "-Onone";
			};
			name = Debug;
		};
		0F2ACAD22B0469FE00F70839 /* Release */ = {
			isa = XCBuildConfiguration;
			buildSettings = {
				ALWAYS_SEARCH_USER_PATHS = NO;
				ASSETCATALOG_COMPILER_GENERATE_SWIFT_ASSET_SYMBOL_EXTENSIONS = YES;
				CLANG_ANALYZER_NONNULL = YES;
				CLANG_ANALYZER_NUMBER_OBJECT_CONVERSION = YES_AGGRESSIVE;
				CLANG_CXX_LANGUAGE_STANDARD = "gnu++20";
				CLANG_ENABLE_MODULES = YES;
				CLANG_ENABLE_OBJC_ARC = YES;
				CLANG_ENABLE_OBJC_WEAK = YES;
				CLANG_WARN_BLOCK_CAPTURE_AUTORELEASING = YES;
				CLANG_WARN_BOOL_CONVERSION = YES;
				CLANG_WARN_COMMA = YES;
				CLANG_WARN_CONSTANT_CONVERSION = YES;
				CLANG_WARN_DEPRECATED_OBJC_IMPLEMENTATIONS = YES;
				CLANG_WARN_DIRECT_OBJC_ISA_USAGE = YES_ERROR;
				CLANG_WARN_DOCUMENTATION_COMMENTS = YES;
				CLANG_WARN_EMPTY_BODY = YES;
				CLANG_WARN_ENUM_CONVERSION = YES;
				CLANG_WARN_INFINITE_RECURSION = YES;
				CLANG_WARN_INT_CONVERSION = YES;
				CLANG_WARN_NON_LITERAL_NULL_CONVERSION = YES;
				CLANG_WARN_OBJC_IMPLICIT_RETAIN_SELF = YES;
				CLANG_WARN_OBJC_LITERAL_CONVERSION = YES;
				CLANG_WARN_OBJC_ROOT_CLASS = YES_ERROR;
				CLANG_WARN_QUOTED_INCLUDE_IN_FRAMEWORK_HEADER = YES;
				CLANG_WARN_RANGE_LOOP_ANALYSIS = YES;
				CLANG_WARN_STRICT_PROTOTYPES = YES;
				CLANG_WARN_SUSPICIOUS_MOVE = YES;
				CLANG_WARN_UNGUARDED_AVAILABILITY = YES_AGGRESSIVE;
				CLANG_WARN_UNREACHABLE_CODE = YES;
				CLANG_WARN__DUPLICATE_METHOD_MATCH = YES;
				COPY_PHASE_STRIP = NO;
				DEBUG_INFORMATION_FORMAT = "dwarf-with-dsym";
				ENABLE_NS_ASSERTIONS = NO;
				ENABLE_STRICT_OBJC_MSGSEND = YES;
				ENABLE_USER_SCRIPT_SANDBOXING = YES;
				GCC_C_LANGUAGE_STANDARD = gnu17;
				GCC_NO_COMMON_BLOCKS = YES;
				GCC_WARN_64_TO_32_BIT_CONVERSION = YES;
				GCC_WARN_ABOUT_RETURN_TYPE = YES_ERROR;
				GCC_WARN_UNDECLARED_SELECTOR = YES;
				GCC_WARN_UNINITIALIZED_AUTOS = YES_AGGRESSIVE;
				GCC_WARN_UNUSED_FUNCTION = YES;
				GCC_WARN_UNUSED_VARIABLE = YES;
				IPHONEOS_DEPLOYMENT_TARGET = 17.0;
				LOCALIZATION_PREFERS_STRING_CATALOGS = YES;
				MTL_ENABLE_DEBUG_INFO = NO;
				MTL_FAST_MATH = YES;
				SDKROOT = iphoneos;
				SWIFT_COMPILATION_MODE = wholemodule;
				VALIDATE_PRODUCT = YES;
			};
			name = Release;
		};
		0F2ACAD42B0469FE00F70839 /* Debug */ = {
			isa = XCBuildConfiguration;
			buildSettings = {
				ALWAYS_EMBED_SWIFT_STANDARD_LIBRARIES = YES;
				ASSETCATALOG_COMPILER_APPICON_NAME = AppIcon;
				ASSETCATALOG_COMPILER_GLOBAL_ACCENT_COLOR_NAME = AccentColor;
				CODE_SIGN_STYLE = Automatic;
				CURRENT_PROJECT_VERSION = 1;
				DEVELOPMENT_TEAM = HTU884849F;
				GENERATE_INFOPLIST_FILE = YES;
				INFOPLIST_FILE = SiriCapability/Info.plist;
				INFOPLIST_KEY_UIApplicationSupportsIndirectInputEvents = YES;
				INFOPLIST_KEY_UILaunchStoryboardName = LaunchScreen;
				INFOPLIST_KEY_UIMainStoryboardFile = Main;
				INFOPLIST_KEY_UISupportedInterfaceOrientations_iPad = "UIInterfaceOrientationPortrait UIInterfaceOrientationPortraitUpsideDown UIInterfaceOrientationLandscapeLeft UIInterfaceOrientationLandscapeRight";
				INFOPLIST_KEY_UISupportedInterfaceOrientations_iPhone = "UIInterfaceOrientationPortrait UIInterfaceOrientationLandscapeLeft UIInterfaceOrientationLandscapeRight";
				LD_RUNPATH_SEARCH_PATHS = (
					"$(inherited)",
					"@executable_path/Frameworks",
				);
				MARKETING_VERSION = 1.0;
				PRODUCT_BUNDLE_IDENTIFIER = com.normidar.SiriCapability;
				PRODUCT_NAME = "$(TARGET_NAME)";
				SWIFT_EMIT_LOC_STRINGS = YES;
				SWIFT_VERSION = 5.0;
				TARGETED_DEVICE_FAMILY = "1,2";
			};
			name = Debug;
		};
		0F2ACAD52B0469FE00F70839 /* Release */ = {
			isa = XCBuildConfiguration;
			buildSettings = {
				ALWAYS_EMBED_SWIFT_STANDARD_LIBRARIES = YES;
				ASSETCATALOG_COMPILER_APPICON_NAME = AppIcon;
				ASSETCATALOG_COMPILER_GLOBAL_ACCENT_COLOR_NAME = AccentColor;
				CODE_SIGN_STYLE = Automatic;
				CURRENT_PROJECT_VERSION = 1;
				DEVELOPMENT_TEAM = HTU884849F;
				GENERATE_INFOPLIST_FILE = YES;
				INFOPLIST_FILE = SiriCapability/Info.plist;
				INFOPLIST_KEY_UIApplicationSupportsIndirectInputEvents = YES;
				INFOPLIST_KEY_UILaunchStoryboardName = LaunchScreen;
				INFOPLIST_KEY_UIMainStoryboardFile = Main;
				INFOPLIST_KEY_UISupportedInterfaceOrientations_iPad = "UIInterfaceOrientationPortrait UIInterfaceOrientationPortraitUpsideDown UIInterfaceOrientationLandscapeLeft UIInterfaceOrientationLandscapeRight";
				INFOPLIST_KEY_UISupportedInterfaceOrientations_iPhone = "UIInterfaceOrientationPortrait UIInterfaceOrientationLandscapeLeft UIInterfaceOrientationLandscapeRight";
				LD_RUNPATH_SEARCH_PATHS = (
					"$(inherited)",
					"@executable_path/Frameworks",
				);
				MARKETING_VERSION = 1.0;
				PRODUCT_BUNDLE_IDENTIFIER = com.normidar.SiriCapability;
				PRODUCT_NAME = "$(TARGET_NAME)";
				SWIFT_EMIT_LOC_STRINGS = YES;
				SWIFT_VERSION = 5.0;
				TARGETED_DEVICE_FAMILY = "1,2";
			};
			name = Release;
		};
		0F2ACAF92B048E4800F70839 /* Debug */ = {
			isa = XCBuildConfiguration;
			buildSettings = {
				CODE_SIGN_STYLE = Automatic;
				CURRENT_PROJECT_VERSION = 1;
				DEVELOPMENT_TEAM = HTU884849F;
				GENERATE_INFOPLIST_FILE = YES;
				INFOPLIST_FILE = SiriInetentUI/Info.plist;
				INFOPLIST_KEY_CFBundleDisplayName = SiriInetentUI;
				INFOPLIST_KEY_NSHumanReadableCopyright = "";
				LD_RUNPATH_SEARCH_PATHS = (
					"$(inherited)",
					"@executable_path/Frameworks",
					"@executable_path/../../Frameworks",
				);
				MARKETING_VERSION = 1.0;
				PRODUCT_BUNDLE_IDENTIFIER = com.normidar.SiriCapability.SiriInetentUI;
				PRODUCT_NAME = "$(TARGET_NAME)";
				SKIP_INSTALL = YES;
				SWIFT_EMIT_LOC_STRINGS = YES;
				SWIFT_VERSION = 5.0;
				TARGETED_DEVICE_FAMILY = "1,2";
			};
			name = Debug;
		};
		0F2ACAFA2B048E4800F70839 /* Release */ = {
			isa = XCBuildConfiguration;
			buildSettings = {
				CODE_SIGN_STYLE = Automatic;
				CURRENT_PROJECT_VERSION = 1;
				DEVELOPMENT_TEAM = HTU884849F;
				GENERATE_INFOPLIST_FILE = YES;
				INFOPLIST_FILE = SiriInetentUI/Info.plist;
				INFOPLIST_KEY_CFBundleDisplayName = SiriInetentUI;
				INFOPLIST_KEY_NSHumanReadableCopyright = "";
				LD_RUNPATH_SEARCH_PATHS = (
					"$(inherited)",
					"@executable_path/Frameworks",
					"@executable_path/../../Frameworks",
				);
				MARKETING_VERSION = 1.0;
				PRODUCT_BUNDLE_IDENTIFIER = com.normidar.SiriCapability.SiriInetentUI;
				PRODUCT_NAME = "$(TARGET_NAME)";
				SKIP_INSTALL = YES;
				SWIFT_EMIT_LOC_STRINGS = YES;
				SWIFT_VERSION = 5.0;
				TARGETED_DEVICE_FAMILY = "1,2";
			};
			name = Release;
		};
		0F2ACAFC2B048E4800F70839 /* Debug */ = {
			isa = XCBuildConfiguration;
			buildSettings = {
				CODE_SIGN_STYLE = Automatic;
				CURRENT_PROJECT_VERSION = 1;
				DEVELOPMENT_TEAM = HTU884849F;
				GENERATE_INFOPLIST_FILE = YES;
				INFOPLIST_FILE = SiriInetent/Info.plist;
				INFOPLIST_KEY_CFBundleDisplayName = SiriInetent;
				INFOPLIST_KEY_NSHumanReadableCopyright = "";
				LD_RUNPATH_SEARCH_PATHS = (
					"$(inherited)",
					"@executable_path/Frameworks",
					"@executable_path/../../Frameworks",
				);
				MARKETING_VERSION = 1.0;
				PRODUCT_BUNDLE_IDENTIFIER = com.normidar.SiriCapability.SiriInetent;
				PRODUCT_NAME = "$(TARGET_NAME)";
				SKIP_INSTALL = YES;
				SWIFT_EMIT_LOC_STRINGS = YES;
				SWIFT_VERSION = 5.0;
				TARGETED_DEVICE_FAMILY = "1,2";
			};
			name = Debug;
		};
		0F2ACAFD2B048E4800F70839 /* Release */ = {
			isa = XCBuildConfiguration;
			buildSettings = {
				CODE_SIGN_STYLE = Automatic;
				CURRENT_PROJECT_VERSION = 1;
				DEVELOPMENT_TEAM = HTU884849F;
				GENERATE_INFOPLIST_FILE = YES;
				INFOPLIST_FILE = SiriInetent/Info.plist;
				INFOPLIST_KEY_CFBundleDisplayName = SiriInetent;
				INFOPLIST_KEY_NSHumanReadableCopyright = "";
				LD_RUNPATH_SEARCH_PATHS = (
					"$(inherited)",
					"@executable_path/Frameworks",
					"@executable_path/../../Frameworks",
				);
				MARKETING_VERSION = 1.0;
				PRODUCT_BUNDLE_IDENTIFIER = com.normidar.SiriCapability.SiriInetent;
				PRODUCT_NAME = "$(TARGET_NAME)";
				SKIP_INSTALL = YES;
				SWIFT_EMIT_LOC_STRINGS = YES;
				SWIFT_VERSION = 5.0;
				TARGETED_DEVICE_FAMILY = "1,2";
			};
			name = Release;
		};
/* End XCBuildConfiguration section */

/* Begin XCConfigurationList section */
		0F2ACABA2B0469FD00F70839 /* Build configuration list for PBXProject "SiriCapability" */ = {
			isa = XCConfigurationList;
			buildConfigurations = (
				0F2ACAD12B0469FE00F70839 /* Debug */,
				0F2ACAD22B0469FE00F70839 /* Release */,
			);
			defaultConfigurationIsVisible = 0;
			defaultConfigurationName = Release;
		};
		0F2ACAD32B0469FE00F70839 /* Build configuration list for PBXNativeTarget "SiriCapability" */ = {
			isa = XCConfigurationList;
			buildConfigurations = (
				0F2ACAD42B0469FE00F70839 /* Debug */,
				0F2ACAD52B0469FE00F70839 /* Release */,
			);
			defaultConfigurationIsVisible = 0;
			defaultConfigurationName = Release;
		};
		0F2ACAF82B048E4800F70839 /* Build configuration list for PBXNativeTarget "SiriInetentUI" */ = {
			isa = XCConfigurationList;
			buildConfigurations = (
				0F2ACAF92B048E4800F70839 /* Debug */,
				0F2ACAFA2B048E4800F70839 /* Release */,
			);
			defaultConfigurationIsVisible = 0;
			defaultConfigurationName = Release;
		};
		0F2ACAFB2B048E4800F70839 /* Build configuration list for PBXNativeTarget "SiriInetent" */ = {
			isa = XCConfigurationList;
			buildConfigurations = (
				0F2ACAFC2B048E4800F70839 /* Debug */,
				0F2ACAFD2B048E4800F70839 /* Release */,
			);
			defaultConfigurationIsVisible = 0;
			defaultConfigurationName = Release;
		};
/* End XCConfigurationList section */
	};
	rootObject = 0F2ACAB72B0469FD00F70839 /* Project object */;
}
